lockfileVersion: '9.0'

settings:
  autoInstallPeers: true
  excludeLinksFromLockfile: false

importers:

  .:
    dependencies:
      '@effect/ai':
        specifier: ^0.32.1
        version: 0.32.1(@effect/experimental@0.57.0(@effect/platform@0.93.2(effect@3.19.4))(effect@3.19.4))(@effect/platform@0.93.2(effect@3.19.4))(@effect/rpc@0.72.1(@effect/platform@0.93.2(effect@3.19.4))(effect@3.19.4))(effect@3.19.4)
      '@effect/ai-anthropic':
        specifier: ^0.22.0
        version: 0.22.0(@effect/ai@0.32.1(@effect/experimental@0.57.0(@effect/platform@0.93.2(effect@3.19.4))(effect@3.19.4))(@effect/platform@0.93.2(effect@3.19.4))(@effect/rpc@0.72.1(@effect/platform@0.93.2(effect@3.19.4))(effect@3.19.4))(effect@3.19.4))(@effect/experimental@0.57.0(@effect/platform@0.93.2(effect@3.19.4))(effect@3.19.4))(@effect/platform@0.93.2(effect@3.19.4))(effect@3.19.4)
      '@effect/ai-openai':
        specifier: ^0.35.0
        version: 0.35.0(@effect/ai@0.32.1(@effect/experimental@0.57.0(@effect/platform@0.93.2(effect@3.19.4))(effect@3.19.4))(@effect/platform@0.93.2(effect@3.19.4))(@effect/rpc@0.72.1(@effect/platform@0.93.2(effect@3.19.4))(effect@3.19.4))(effect@3.19.4))(@effect/experimental@0.57.0(@effect/platform@0.93.2(effect@3.19.4))(effect@3.19.4))(@effect/platform@0.93.2(effect@3.19.4))(effect@3.19.4)
      '@effect/platform':
        specifier: ^0.93.2
        version: 0.93.2(effect@3.19.4)
      '@effect/platform-node':
        specifier: ^0.100.0
        version: 0.100.0(@effect/cluster@0.52.3(@effect/platform@0.93.2(effect@3.19.4))(@effect/rpc@0.72.1(@effect/platform@0.93.2(effect@3.19.4))(effect@3.19.4))(@effect/sql@0.48.0(@effect/experimental@0.57.0(@effect/platform@0.93.2(effect@3.19.4))(effect@3.19.4))(@effect/platform@0.93.2(effect@3.19.4))(effect@3.19.4))(@effect/workflow@0.12.2(@effect/platform@0.93.2(effect@3.19.4))(@effect/rpc@0.72.1(@effect/platform@0.93.2(effect@3.19.4))(effect@3.19.4))(effect@3.19.4))(effect@3.19.4))(@effect/platform@0.93.2(effect@3.19.4))(@effect/rpc@0.72.1(@effect/platform@0.93.2(effect@3.19.4))(effect@3.19.4))(@effect/sql@0.48.0(@effect/experimental@0.57.0(@effect/platform@0.93.2(effect@3.19.4))(effect@3.19.4))(@effect/platform@0.93.2(effect@3.19.4))(effect@3.19.4))(effect@3.19.4)
      dotenv:
        specifier: ^17.2.3
        version: 17.2.3
      effect:
        specifier: ^3.19.4
        version: 3.19.4
      typescript:
        specifier: ^5.9.3
        version: 5.9.3

packages:

  '@anthropic-ai/tokenizer@0.0.4':
    resolution: {integrity: sha512-EHRKbxlxlc8W4KCBEseByJ7YwyYCmgu9OyN59H9+IYIGPoKv8tXyQXinkeGDI+cI8Tiuz9wk2jZb/kK7AyvL7g==}

  '@effect/ai-anthropic@0.22.0':
    resolution: {integrity: sha512-uzgXeC8iAMSVtyFi/HxYPQGBcCBxzbgXKt/wxeyB1FlQGx4Uxn1tBy1dhBc2RvbVRYlT8MIPOCxLcUj1/995zg==}
    peerDependencies:
      '@effect/ai': ^0.32.0
      '@effect/experimental': ^0.57.0
      '@effect/platform': ^0.93.0
      effect: ^3.19.0

  '@effect/ai-openai@0.35.0':
    resolution: {integrity: sha512-cB5cXITMsO+bfesIDqJRCiAGH8r/P5ts32HwZ5HbAvUscrqFgZBQDIsypiOCHL2teWFaBbXLdiqbF/lL4Ct8wg==}
    peerDependencies:
      '@effect/ai': ^0.32.0
      '@effect/experimental': ^0.57.0
      '@effect/platform': ^0.93.0
      effect: ^3.19.0

  '@effect/ai@0.32.1':
    resolution: {integrity: sha512-6qedQhnHigkRjNsUGaXKqvsbwhvQH3Ez3aePeROBRJi0c8q9tnR1E8qhQrTSjVPWcrv9AFtP0NRTr6iAHujGWQ==}
    peerDependencies:
      '@effect/experimental': ^0.57.0
      '@effect/platform': ^0.93.0
      '@effect/rpc': ^0.72.1
      effect: ^3.19.3

  '@effect/cluster@0.52.3':
    resolution: {integrity: sha512-6X8OMclqxdIaL8UJbdSk7ApbGiRu6Vcd6w9GkdnqaYqlTMhRnCXGDLWZcRrEL3GWqSfEPXJzYYUVGp9C++yHfA==}
    peerDependencies:
      '@effect/platform': ^0.93.0
      '@effect/rpc': ^0.72.1
      '@effect/sql': ^0.48.0
      '@effect/workflow': ^0.12.2
      effect: ^3.19.1

  '@effect/experimental@0.57.0':
    resolution: {integrity: sha512-usWsl3mvknRz1Wf2IelfwXoW0ftDycubCdAAGv2D8fdUMy4GK7uGJ4dSGiQiuHKGrEPqy0n0fdCgbMPY9iL41w==}
    peerDependencies:
      '@effect/platform': ^0.93.0
      effect: ^3.19.0
      ioredis: ^5
      lmdb: ^3
    peerDependenciesMeta:
      ioredis:
        optional: true
      lmdb:
        optional: true

  '@effect/platform-node-shared@0.53.0':
    resolution: {integrity: sha512-xqhYyUYotVUJi7Tqd/iM+tqEoNm6fVowcPm9naxKZCa6WPD6TnRfaogxjkB3yNBnPY63Ya/sIkfkeZXA3MwF3w==}
    peerDependencies:
      '@effect/cluster': ^0.52.0
      '@effect/platform': ^0.93.0
      '@effect/rpc': ^0.72.1
      '@effect/sql': ^0.48.0
      effect: ^3.19.0

  '@effect/platform-node@0.100.0':
    resolution: {integrity: sha512-awfeW8zy5hgyRy+ml4bHK27DukTrTV5xvDhZioRF7USjJRwlZ+irdWhR6ExY+UOnAsmq0h8m/1s0l9pUcBi0bw==}
    peerDependencies:
      '@effect/cluster': ^0.52.0
      '@effect/platform': ^0.93.0
      '@effect/rpc': ^0.72.1
      '@effect/sql': ^0.48.0
      effect: ^3.19.0

  '@effect/platform@0.93.2':
    resolution: {integrity: sha512-IFWF2xuz37tZbyEsf3hwBlcYYqbqJho+ZM871CG92lWJSjcTgvmjCy77qnV0QhTWVdh9BMs12QKzQCMlqz4cJQ==}
    peerDependencies:
      effect: ^3.19.3

  '@effect/rpc@0.72.1':
    resolution: {integrity: sha512-crpiAxDvFxM/fGhLuAgB1V8JOtfCm8/6ZdOP4MIdkz14I/ff3LdLJpf8hHJpYIbwYXypglAeAaHpfuZOt5f+SA==}
    peerDependencies:
      '@effect/platform': ^0.93.0
      effect: ^3.19.0

  '@effect/sql@0.48.0':
    resolution: {integrity: sha512-tubdizHriDwzHUnER9UsZ/0TtF6O2WJckzeYDbVSRPeMkrpdpyEzEsoKctechTm65B3Bxy6JIixGPg2FszY72A==}
    peerDependencies:
      '@effect/experimental': ^0.57.0
      '@effect/platform': ^0.93.0
      effect: ^3.19.0

  '@effect/workflow@0.12.2':
    resolution: {integrity: sha512-o1RC66cqWvBx34xhGu4IttWINu4qEeSeYGAamahEPsxYHp40LPYjaixrAv+i2UPx82whLMrv7T6kctUUOzfx0g==}
    peerDependencies:
      '@effect/platform': ^0.93.0
      '@effect/rpc': ^0.72.1
      effect: ^3.19.1

  '@msgpackr-extract/msgpackr-extract-darwin-arm64@3.0.3':
    resolution: {integrity: sha512-QZHtlVgbAdy2zAqNA9Gu1UpIuI8Xvsd1v8ic6B2pZmeFnFcMWiPLfWXh7TVw4eGEZ/C9TH281KwhVoeQUKbyjw==}
    cpu: [arm64]
    os: [darwin]

  '@msgpackr-extract/msgpackr-extract-darwin-x64@3.0.3':
    resolution: {integrity: sha512-mdzd3AVzYKuUmiWOQ8GNhl64/IoFGol569zNRdkLReh6LRLHOXxU4U8eq0JwaD8iFHdVGqSy4IjFL4reoWCDFw==}
    cpu: [x64]
    os: [darwin]

  '@msgpackr-extract/msgpackr-extract-linux-arm64@3.0.3':
    resolution: {integrity: sha512-YxQL+ax0XqBJDZiKimS2XQaf+2wDGVa1enVRGzEvLLVFeqa5kx2bWbtcSXgsxjQB7nRqqIGFIcLteF/sHeVtQg==}
    cpu: [arm64]
    os: [linux]

  '@msgpackr-extract/msgpackr-extract-linux-arm@3.0.3':
    resolution: {integrity: sha512-fg0uy/dG/nZEXfYilKoRe7yALaNmHoYeIoJuJ7KJ+YyU2bvY8vPv27f7UKhGRpY6euFYqEVhxCFZgAUNQBM3nw==}
    cpu: [arm]
    os: [linux]

  '@msgpackr-extract/msgpackr-extract-linux-x64@3.0.3':
    resolution: {integrity: sha512-cvwNfbP07pKUfq1uH+S6KJ7dT9K8WOE4ZiAcsrSes+UY55E/0jLYc+vq+DO7jlmqRb5zAggExKm0H7O/CBaesg==}
    cpu: [x64]
    os: [linux]

  '@msgpackr-extract/msgpackr-extract-win32-x64@3.0.3':
    resolution: {integrity: sha512-x0fWaQtYp4E6sktbsdAqnehxDgEc/VwM7uLsRCYWaiGu0ykYdZPiS8zCWdnjHwyiumousxfBm4SO31eXqwEZhQ==}
    cpu: [x64]
    os: [win32]

  '@parcel/watcher-android-arm64@2.5.1':
    resolution: {integrity: sha512-KF8+j9nNbUN8vzOFDpRMsaKBHZ/mcjEjMToVMJOhTozkDonQFFrRcfdLWn6yWKCmJKmdVxSgHiYvTCef4/qcBA==}
    engines: {node: '>= 10.0.0'}
    cpu: [arm64]
    os: [android]

  '@parcel/watcher-darwin-arm64@2.5.1':
    resolution: {integrity: sha512-eAzPv5osDmZyBhou8PoF4i6RQXAfeKL9tjb3QzYuccXFMQU0ruIc/POh30ePnaOyD1UXdlKguHBmsTs53tVoPw==}
    engines: {node: '>= 10.0.0'}
    cpu: [arm64]
    os: [darwin]

  '@parcel/watcher-darwin-x64@2.5.1':
    resolution: {integrity: sha512-1ZXDthrnNmwv10A0/3AJNZ9JGlzrF82i3gNQcWOzd7nJ8aj+ILyW1MTxVk35Db0u91oD5Nlk9MBiujMlwmeXZg==}
    engines: {node: '>= 10.0.0'}
    cpu: [x64]
    os: [darwin]

  '@parcel/watcher-freebsd-x64@2.5.1':
    resolution: {integrity: sha512-SI4eljM7Flp9yPuKi8W0ird8TI/JK6CSxju3NojVI6BjHsTyK7zxA9urjVjEKJ5MBYC+bLmMcbAWlZ+rFkLpJQ==}
    engines: {node: '>= 10.0.0'}
    cpu: [x64]
    os: [freebsd]

  '@parcel/watcher-linux-arm-glibc@2.5.1':
    resolution: {integrity: sha512-RCdZlEyTs8geyBkkcnPWvtXLY44BCeZKmGYRtSgtwwnHR4dxfHRG3gR99XdMEdQ7KeiDdasJwwvNSF5jKtDwdA==}
    engines: {node: '>= 10.0.0'}
    cpu: [arm]
    os: [linux]

  '@parcel/watcher-linux-arm-musl@2.5.1':
    resolution: {integrity: sha512-6E+m/Mm1t1yhB8X412stiKFG3XykmgdIOqhjWj+VL8oHkKABfu/gjFj8DvLrYVHSBNC+/u5PeNrujiSQ1zwd1Q==}
    engines: {node: '>= 10.0.0'}
    cpu: [arm]
    os: [linux]

  '@parcel/watcher-linux-arm64-glibc@2.5.1':
    resolution: {integrity: sha512-LrGp+f02yU3BN9A+DGuY3v3bmnFUggAITBGriZHUREfNEzZh/GO06FF5u2kx8x+GBEUYfyTGamol4j3m9ANe8w==}
    engines: {node: '>= 10.0.0'}
    cpu: [arm64]
    os: [linux]

  '@parcel/watcher-linux-arm64-musl@2.5.1':
    resolution: {integrity: sha512-cFOjABi92pMYRXS7AcQv9/M1YuKRw8SZniCDw0ssQb/noPkRzA+HBDkwmyOJYp5wXcsTrhxO0zq1U11cK9jsFg==}
    engines: {node: '>= 10.0.0'}
    cpu: [arm64]
    os: [linux]

  '@parcel/watcher-linux-x64-glibc@2.5.1':
    resolution: {integrity: sha512-GcESn8NZySmfwlTsIur+49yDqSny2IhPeZfXunQi48DMugKeZ7uy1FX83pO0X22sHntJ4Ub+9k34XQCX+oHt2A==}
    engines: {node: '>= 10.0.0'}
    cpu: [x64]
    os: [linux]

  '@parcel/watcher-linux-x64-musl@2.5.1':
    resolution: {integrity: sha512-n0E2EQbatQ3bXhcH2D1XIAANAcTZkQICBPVaxMeaCVBtOpBZpWJuf7LwyWPSBDITb7In8mqQgJ7gH8CILCURXg==}
    engines: {node: '>= 10.0.0'}
    cpu: [x64]
    os: [linux]

  '@parcel/watcher-win32-arm64@2.5.1':
    resolution: {integrity: sha512-RFzklRvmc3PkjKjry3hLF9wD7ppR4AKcWNzH7kXR7GUe0Igb3Nz8fyPwtZCSquGrhU5HhUNDr/mKBqj7tqA2Vw==}
    engines: {node: '>= 10.0.0'}
    cpu: [arm64]
    os: [win32]

  '@parcel/watcher-win32-ia32@2.5.1':
    resolution: {integrity: sha512-c2KkcVN+NJmuA7CGlaGD1qJh1cLfDnQsHjE89E60vUEMlqduHGCdCLJCID5geFVM0dOtA3ZiIO8BoEQmzQVfpQ==}
    engines: {node: '>= 10.0.0'}
    cpu: [ia32]
    os: [win32]

  '@parcel/watcher-win32-x64@2.5.1':
    resolution: {integrity: sha512-9lHBdJITeNR++EvSQVUcaZoWupyHfXe1jZvGZ06O/5MflPcuPLtEphScIBL+AiCWBO46tDSHzWyD0uDmmZqsgA==}
    engines: {node: '>= 10.0.0'}
    cpu: [x64]
    os: [win32]

  '@parcel/watcher@2.5.1':
    resolution: {integrity: sha512-dfUnCxiN9H4ap84DvD2ubjw+3vUNpstxa0TneY/Paat8a3R4uQZDLSvWjmznAY/DoahqTHl9V46HF/Zs3F29pg==}
    engines: {node: '>= 10.0.0'}

  '@standard-schema/spec@1.0.0':
    resolution: {integrity: sha512-m2bOd0f2RT9k8QJx1JN85cZYyH1RqFBdlwtkSlf4tBDYLCiiZnv1fIIwacK6cqwXavOydf0NPToMQgpKq+dVlA==}

  '@types/node@18.19.130':
    resolution: {integrity: sha512-GRaXQx6jGfL8sKfaIDD6OupbIHBr9jv7Jnaml9tB7l4v068PAOXqfcujMMo5PhbIs6ggR1XODELqahT2R8v0fg==}

  braces@3.0.3:
    resolution: {integrity: sha512-yQbXgO/OSZVD2IsiLlro+7Hf6Q18EJrKSEsdoMzKePKXct3gvD8oLcOQdIzGupr5Fj+EDe8gO/lxc1BzfMpxvA==}
    engines: {node: '>=8'}

  detect-libc@1.0.3:
    resolution: {integrity: sha512-pGjwhsmsp4kL2RTz08wcOlGN83otlqHeD/Z5T8GXZB+/YcpQ/dgo+lbU8ZsGxV0HIvqqxo9l7mqYwyYMD9bKDg==}
    engines: {node: '>=0.10'}
    hasBin: true

  detect-libc@2.1.2:
    resolution: {integrity: sha512-Btj2BOOO83o3WyH59e8MgXsxEQVcarkUOpEYrubB0urwnN10yQ364rsiByU11nZlqWYZm05i/of7io4mzihBtQ==}
    engines: {node: '>=8'}

  dotenv@17.2.3:
    resolution: {integrity: sha512-JVUnt+DUIzu87TABbhPmNfVdBDt18BLOWjMUFJMSi/Qqg7NTYtabbvSNJGOJ7afbRuv9D/lngizHtP7QyLQ+9w==}
    engines: {node: '>=12'}

  effect@3.19.4:
    resolution: {integrity: sha512-gApFffMwpDVgmw/FzCaYWt6zw4m0xAnQf5+cPS0+Sl85AxfeovJeEIsiEQVlk+ZvtBYcoPXxi65GIyruzanQ5g==}

  fast-check@3.23.2:
    resolution: {integrity: sha512-h5+1OzzfCC3Ef7VbtKdcv7zsstUQwUDlYpUTvjeUsJAssPgLn7QzbboPtL5ro04Mq0rPOsMzl7q5hIbRs2wD1A==}
    engines: {node: '>=8.0.0'}

  fill-range@7.1.1:
    resolution: {integrity: sha512-YsGpe3WHLK8ZYi4tWDg2Jy3ebRz2rXowDxnld4bkQB00cc/1Zw9AWnC0i9ztDJitivtQvaI9KaLyKrc+hBW0yg==}
    engines: {node: '>=8'}

  find-my-way-ts@0.1.6:
    resolution: {integrity: sha512-a85L9ZoXtNAey3Y6Z+eBWW658kO/MwR7zIafkIUPUMf3isZG0NCs2pjW2wtjxAKuJPxMAsHUIP4ZPGv0o5gyTA==}

  gpt-tokenizer@2.9.0:
    resolution: {integrity: sha512-YSpexBL/k4bfliAzMrRqn3M6+it02LutVyhVpDeMKrC/O9+pCe/5s8U2hYKa2vFLD5/vHhsKc8sOn/qGqII8Kg==}

  is-extglob@2.1.1:
    resolution: {integrity: sha512-SbKbANkN603Vi4jEZv49LeVJMn4yGwsbzZworEoyEiutsN3nJYdbO36zfhGJ6QEDpOZIFkDtnq5JRxmvl3jsoQ==}
    engines: {node: '>=0.10.0'}

  is-glob@4.0.3:
    resolution: {integrity: sha512-xelSayHH36ZgE7ZWhli7pW34hNbNl8Ojv5KVmkJD4hBdD3th8Tfk9vYasLM+mXWOZhFkgZfxhLSnrwRr4elSSg==}
    engines: {node: '>=0.10.0'}

  is-number@7.0.0:
    resolution: {integrity: sha512-41Cifkg6e8TylSpdtTpeLVMqvSBEVzTttHvERD741+pnZ8ANv0004MRL43QKPDlK9cGvNp6NZWZUBlbGXYxxng==}
    engines: {node: '>=0.12.0'}

  micromatch@4.0.8:
    resolution: {integrity: sha512-PXwfBhYu0hBCPw8Dn0E+WDYb7af3dSLVWKi3HGv84IdF4TyFoC0ysxFd0Goxw7nSv4T/PzEJQxsYsEiFCKo2BA==}
    engines: {node: '>=8.6'}

  mime@3.0.0:
    resolution: {integrity: sha512-jSCU7/VB1loIWBZe14aEYHU/+1UMEHoaO7qxCOVJOw9GgH72VAWppxNcjU+x9a2k3GSIBXNKxXQFqRvvZ7vr3A==}
    engines: {node: '>=10.0.0'}
    hasBin: true

  msgpackr-extract@3.0.3:
    resolution: {integrity: sha512-P0efT1C9jIdVRefqjzOQ9Xml57zpOXnIuS+csaB4MdZbTdmGDLo8XhzBG1N7aO11gKDDkJvBLULeFTo46wwreA==}
    hasBin: true

  msgpackr@1.11.5:
    resolution: {integrity: sha512-UjkUHN0yqp9RWKy0Lplhh+wlpdt9oQBYgULZOiFhV3VclSF1JnSQWZ5r9gORQlNYaUKQoR8itv7g7z1xDDuACA==}

  multipasta@0.2.7:
    resolution: {integrity: sha512-KPA58d68KgGil15oDqXjkUBEBYc00XvbPj5/X+dyzeo/lWm9Nc25pQRlf1D+gv4OpK7NM0J1odrbu9JNNGvynA==}

  node-addon-api@7.1.1:
    resolution: {integrity: sha512-5m3bsyrjFWE1xf7nz7YXdN4udnVtXK6/Yfgn5qnahL6bCkf2yKt4k3nuTKAtT4r3IG8JNR2ncsIMdZuAzJjHQQ==}

  node-gyp-build-optional-packages@5.2.2:
    resolution: {integrity: sha512-s+w+rBWnpTMwSFbaE0UXsRlg7hU4FjekKU4eyAih5T8nJuNZT1nNsskXpxmeqSK9UzkBl6UgRlnKc8hz8IEqOw==}
    hasBin: true

  picomatch@2.3.1:
    resolution: {integrity: sha512-JU3teHTNjmE2VCGFzuY8EXzCDVwEqB2a8fsIvwaStHhAWJEeVd1o1QD80CU6+ZdEXXSLbSsuLwJjkCBWqRQUVA==}
    engines: {node: '>=8.6'}

  pure-rand@6.1.0:
    resolution: {integrity: sha512-bVWawvoZoBYpp6yIoQtQXHZjmz35RSVHnUOTefl8Vcjr8snTPY1wnpSPMWekcFwbxI6gtmT7rSYPFvz71ldiOA==}

  tiktoken@1.0.22:
    resolution: {integrity: sha512-PKvy1rVF1RibfF3JlXBSP0Jrcw2uq3yXdgcEXtKTYn3QJ/cBRBHDnrJ5jHky+MENZ6DIPwNUGWpkVx+7joCpNA==}

  to-regex-range@5.0.1:
    resolution: {integrity: sha512-65P7iz6X5yEr1cwcgvQxbbIw7Uk3gOy5dIdtZ4rDveLqhrdJP+Li/Hx6tyK0NEb+2GCyneCMJiGqrADCSNk8sQ==}
    engines: {node: '>=8.0'}

  typescript@5.9.3:
    resolution: {integrity: sha512-jl1vZzPDinLr9eUt3J/t7V6FgNEw9QjvBPdysz9KfQDD41fQrC2Y4vKQdiaUpFT4bXlb1RHhLpp8wtm6M5TgSw==}
    engines: {node: '>=14.17'}
    hasBin: true

  undici-types@5.26.5:
    resolution: {integrity: sha512-JlCMO+ehdEIKqlFxk6IfVoAUVmgz7cU7zD/h9XZ0qzeosSHmUJVOzSQvvYSYWXkFXC+IfLKSIffhv0sVZup6pA==}

  undici@7.16.0:
    resolution: {integrity: sha512-QEg3HPMll0o3t2ourKwOeUAZ159Kn9mx5pnzHRQO8+Wixmh88YdZRiIwat0iNzNNXn0yoEtXJqFpyW7eM8BV7g==}
    engines: {node: '>=20.18.1'}

  uuid@11.1.0:
    resolution: {integrity: sha512-0/A9rDy9P7cJ+8w1c9WD9V//9Wj15Ce2MPz8Ri6032usz+NfePxx5AcN3bN+r6ZL6jEo066/yNYB3tn4pQEx+A==}
    hasBin: true

  ws@8.18.3:
    resolution: {integrity: sha512-PEIGCY5tSlUt50cqyMXfCzX+oOPqN0vuGqWzbcJ2xvnkzkq46oOpz7dQaTDBdfICb4N14+GARUDw2XV2N4tvzg==}
    engines: {node: '>=10.0.0'}
    peerDependencies:
      bufferutil: ^4.0.1
      utf-8-validate: '>=5.0.2'
    peerDependenciesMeta:
      bufferutil:
        optional: true
      utf-8-validate:
        optional: true

snapshots:

  '@anthropic-ai/tokenizer@0.0.4':
    dependencies:
      '@types/node': 18.19.130
      tiktoken: 1.0.22

  '@effect/ai-anthropic@0.22.0(@effect/ai@0.32.1(@effect/experimental@0.57.0(@effect/platform@0.93.2(effect@3.19.4))(effect@3.19.4))(@effect/platform@0.93.2(effect@3.19.4))(@effect/rpc@0.72.1(@effect/platform@0.93.2(effect@3.19.4))(effect@3.19.4))(effect@3.19.4))(@effect/experimental@0.57.0(@effect/platform@0.93.2(effect@3.19.4))(effect@3.19.4))(@effect/platform@0.93.2(effect@3.19.4))(effect@3.19.4)':
    dependencies:
      '@anthropic-ai/tokenizer': 0.0.4
      '@effect/ai': 0.32.1(@effect/experimental@0.57.0(@effect/platform@0.93.2(effect@3.19.4))(effect@3.19.4))(@effect/platform@0.93.2(effect@3.19.4))(@effect/rpc@0.72.1(@effect/platform@0.93.2(effect@3.19.4))(effect@3.19.4))(effect@3.19.4)
      '@effect/experimental': 0.57.0(@effect/platform@0.93.2(effect@3.19.4))(effect@3.19.4)
      '@effect/platform': 0.93.2(effect@3.19.4)
      effect: 3.19.4

  '@effect/ai-openai@0.35.0(@effect/ai@0.32.1(@effect/experimental@0.57.0(@effect/platform@0.93.2(effect@3.19.4))(effect@3.19.4))(@effect/platform@0.93.2(effect@3.19.4))(@effect/rpc@0.72.1(@effect/platform@0.93.2(effect@3.19.4))(effect@3.19.4))(effect@3.19.4))(@effect/experimental@0.57.0(@effect/platform@0.93.2(effect@3.19.4))(effect@3.19.4))(@effect/platform@0.93.2(effect@3.19.4))(effect@3.19.4)':
    dependencies:
      '@effect/ai': 0.32.1(@effect/experimental@0.57.0(@effect/platform@0.93.2(effect@3.19.4))(effect@3.19.4))(@effect/platform@0.93.2(effect@3.19.4))(@effect/rpc@0.72.1(@effect/platform@0.93.2(effect@3.19.4))(effect@3.19.4))(effect@3.19.4)
      '@effect/experimental': 0.57.0(@effect/platform@0.93.2(effect@3.19.4))(effect@3.19.4)
      '@effect/platform': 0.93.2(effect@3.19.4)
      effect: 3.19.4
      gpt-tokenizer: 2.9.0

  '@effect/ai@0.32.1(@effect/experimental@0.57.0(@effect/platform@0.93.2(effect@3.19.4))(effect@3.19.4))(@effect/platform@0.93.2(effect@3.19.4))(@effect/rpc@0.72.1(@effect/platform@0.93.2(effect@3.19.4))(effect@3.19.4))(effect@3.19.4)':
    dependencies:
      '@effect/experimental': 0.57.0(@effect/platform@0.93.2(effect@3.19.4))(effect@3.19.4)
      '@effect/platform': 0.93.2(effect@3.19.4)
      '@effect/rpc': 0.72.1(@effect/platform@0.93.2(effect@3.19.4))(effect@3.19.4)
      effect: 3.19.4
      find-my-way-ts: 0.1.6

  '@effect/cluster@0.52.3(@effect/platform@0.93.2(effect@3.19.4))(@effect/rpc@0.72.1(@effect/platform@0.93.2(effect@3.19.4))(effect@3.19.4))(@effect/sql@0.48.0(@effect/experimental@0.57.0(@effect/platform@0.93.2(effect@3.19.4))(effect@3.19.4))(@effect/platform@0.93.2(effect@3.19.4))(effect@3.19.4))(@effect/workflow@0.12.2(@effect/platform@0.93.2(effect@3.19.4))(@effect/rpc@0.72.1(@effect/platform@0.93.2(effect@3.19.4))(effect@3.19.4))(effect@3.19.4))(effect@3.19.4)':
    dependencies:
      '@effect/platform': 0.93.2(effect@3.19.4)
      '@effect/rpc': 0.72.1(@effect/platform@0.93.2(effect@3.19.4))(effect@3.19.4)
      '@effect/sql': 0.48.0(@effect/experimental@0.57.0(@effect/platform@0.93.2(effect@3.19.4))(effect@3.19.4))(@effect/platform@0.93.2(effect@3.19.4))(effect@3.19.4)
      '@effect/workflow': 0.12.2(@effect/platform@0.93.2(effect@3.19.4))(@effect/rpc@0.72.1(@effect/platform@0.93.2(effect@3.19.4))(effect@3.19.4))(effect@3.19.4)
      effect: 3.19.4

  '@effect/experimental@0.57.0(@effect/platform@0.93.2(effect@3.19.4))(effect@3.19.4)':
    dependencies:
      '@effect/platform': 0.93.2(effect@3.19.4)
      effect: 3.19.4
      uuid: 11.1.0

  '@effect/platform-node-shared@0.53.0(@effect/cluster@0.52.3(@effect/platform@0.93.2(effect@3.19.4))(@effect/rpc@0.72.1(@effect/platform@0.93.2(effect@3.19.4))(effect@3.19.4))(@effect/sql@0.48.0(@effect/experimental@0.57.0(@effect/platform@0.93.2(effect@3.19.4))(effect@3.19.4))(@effect/platform@0.93.2(effect@3.19.4))(effect@3.19.4))(@effect/workflow@0.12.2(@effect/platform@0.93.2(effect@3.19.4))(@effect/rpc@0.72.1(@effect/platform@0.93.2(effect@3.19.4))(effect@3.19.4))(effect@3.19.4))(effect@3.19.4))(@effect/platform@0.93.2(effect@3.19.4))(@effect/rpc@0.72.1(@effect/platform@0.93.2(effect@3.19.4))(effect@3.19.4))(@effect/sql@0.48.0(@effect/experimental@0.57.0(@effect/platform@0.93.2(effect@3.19.4))(effect@3.19.4))(@effect/platform@0.93.2(effect@3.19.4))(effect@3.19.4))(effect@3.19.4)':
    dependencies:
      '@effect/cluster': 0.52.3(@effect/platform@0.93.2(effect@3.19.4))(@effect/rpc@0.72.1(@effect/platform@0.93.2(effect@3.19.4))(effect@3.19.4))(@effect/sql@0.48.0(@effect/experimental@0.57.0(@effect/platform@0.93.2(effect@3.19.4))(effect@3.19.4))(@effect/platform@0.93.2(effect@3.19.4))(effect@3.19.4))(@effect/workflow@0.12.2(@effect/platform@0.93.2(effect@3.19.4))(@effect/rpc@0.72.1(@effect/platform@0.93.2(effect@3.19.4))(effect@3.19.4))(effect@3.19.4))(effect@3.19.4)
      '@effect/platform': 0.93.2(effect@3.19.4)
      '@effect/rpc': 0.72.1(@effect/platform@0.93.2(effect@3.19.4))(effect@3.19.4)
      '@effect/sql': 0.48.0(@effect/experimental@0.57.0(@effect/platform@0.93.2(effect@3.19.4))(effect@3.19.4))(@effect/platform@0.93.2(effect@3.19.4))(effect@3.19.4)
      '@parcel/watcher': 2.5.1
      effect: 3.19.4
      multipasta: 0.2.7
      ws: 8.18.3
    transitivePeerDependencies:
      - bufferutil
      - utf-8-validate

  '@effect/platform-node@0.100.0(@effect/cluster@0.52.3(@effect/platform@0.93.2(effect@3.19.4))(@effect/rpc@0.72.1(@effect/platform@0.93.2(effect@3.19.4))(effect@3.19.4))(@effect/sql@0.48.0(@effect/experimental@0.57.0(@effect/platform@0.93.2(effect@3.19.4))(effect@3.19.4))(@effect/platform@0.93.2(effect@3.19.4))(effect@3.19.4))(@effect/workflow@0.12.2(@effect/platform@0.93.2(effect@3.19.4))(@effect/rpc@0.72.1(@effect/platform@0.93.2(effect@3.19.4))(effect@3.19.4))(effect@3.19.4))(effect@3.19.4))(@effect/platform@0.93.2(effect@3.19.4))(@effect/rpc@0.72.1(@effect/platform@0.93.2(effect@3.19.4))(effect@3.19.4))(@effect/sql@0.48.0(@effect/experimental@0.57.0(@effect/platform@0.93.2(effect@3.19.4))(effect@3.19.4))(@effect/platform@0.93.2(effect@3.19.4))(effect@3.19.4))(effect@3.19.4)':
    dependencies:
      '@effect/cluster': 0.52.3(@effect/platform@0.93.2(effect@3.19.4))(@effect/rpc@0.72.1(@effect/platform@0.93.2(effect@3.19.4))(effect@3.19.4))(@effect/sql@0.48.0(@effect/experimental@0.57.0(@effect/platform@0.93.2(effect@3.19.4))(effect@3.19.4))(@effect/platform@0.93.2(effect@3.19.4))(effect@3.19.4))(@effect/workflow@0.12.2(@effect/platform@0.93.2(effect@3.19.4))(@effect/rpc@0.72.1(@effect/platform@0.93.2(effect@3.19.4))(effect@3.19.4))(effect@3.19.4))(effect@3.19.4)
      '@effect/platform': 0.93.2(effect@3.19.4)
      '@effect/platform-node-shared': 0.53.0(@effect/cluster@0.52.3(@effect/platform@0.93.2(effect@3.19.4))(@effect/rpc@0.72.1(@effect/platform@0.93.2(effect@3.19.4))(effect@3.19.4))(@effect/sql@0.48.0(@effect/experimental@0.57.0(@effect/platform@0.93.2(effect@3.19.4))(effect@3.19.4))(@effect/platform@0.93.2(effect@3.19.4))(effect@3.19.4))(@effect/workflow@0.12.2(@effect/platform@0.93.2(effect@3.19.4))(@effect/rpc@0.72.1(@effect/platform@0.93.2(effect@3.19.4))(effect@3.19.4))(effect@3.19.4))(effect@3.19.4))(@effect/platform@0.93.2(effect@3.19.4))(@effect/rpc@0.72.1(@effect/platform@0.93.2(effect@3.19.4))(effect@3.19.4))(@effect/sql@0.48.0(@effect/experimental@0.57.0(@effect/platform@0.93.2(effect@3.19.4))(effect@3.19.4))(@effect/platform@0.93.2(effect@3.19.4))(effect@3.19.4))(effect@3.19.4)
      '@effect/rpc': 0.72.1(@effect/platform@0.93.2(effect@3.19.4))(effect@3.19.4)
      '@effect/sql': 0.48.0(@effect/experimental@0.57.0(@effect/platform@0.93.2(effect@3.19.4))(effect@3.19.4))(@effect/platform@0.93.2(effect@3.19.4))(effect@3.19.4)
      effect: 3.19.4
      mime: 3.0.0
      undici: 7.16.0
      ws: 8.18.3
    transitivePeerDependencies:
      - bufferutil
      - utf-8-validate

  '@effect/platform@0.93.2(effect@3.19.4)':
    dependencies:
      effect: 3.19.4
      find-my-way-ts: 0.1.6
      msgpackr: 1.11.5
      multipasta: 0.2.7

  '@effect/rpc@0.72.1(@effect/platform@0.93.2(effect@3.19.4))(effect@3.19.4)':
    dependencies:
      '@effect/platform': 0.93.2(effect@3.19.4)
      effect: 3.19.4
      msgpackr: 1.11.5

  '@effect/sql@0.48.0(@effect/experimental@0.57.0(@effect/platform@0.93.2(effect@3.19.4))(effect@3.19.4))(@effect/platform@0.93.2(effect@3.19.4))(effect@3.19.4)':
    dependencies:
      '@effect/experimental': 0.57.0(@effect/platform@0.93.2(effect@3.19.4))(effect@3.19.4)
      '@effect/platform': 0.93.2(effect@3.19.4)
      effect: 3.19.4
      uuid: 11.1.0

  '@effect/workflow@0.12.2(@effect/platform@0.93.2(effect@3.19.4))(@effect/rpc@0.72.1(@effect/platform@0.93.2(effect@3.19.4))(effect@3.19.4))(effect@3.19.4)':
    dependencies:
      '@effect/platform': 0.93.2(effect@3.19.4)
      '@effect/rpc': 0.72.1(@effect/platform@0.93.2(effect@3.19.4))(effect@3.19.4)
      effect: 3.19.4

  '@msgpackr-extract/msgpackr-extract-darwin-arm64@3.0.3':
    optional: true

  '@msgpackr-extract/msgpackr-extract-darwin-x64@3.0.3':
    optional: true

  '@msgpackr-extract/msgpackr-extract-linux-arm64@3.0.3':
    optional: true

  '@msgpackr-extract/msgpackr-extract-linux-arm@3.0.3':
    optional: true

  '@msgpackr-extract/msgpackr-extract-linux-x64@3.0.3':
    optional: true

  '@msgpackr-extract/msgpackr-extract-win32-x64@3.0.3':
    optional: true

  '@parcel/watcher-android-arm64@2.5.1':
    optional: true

  '@parcel/watcher-darwin-arm64@2.5.1':
    optional: true

  '@parcel/watcher-darwin-x64@2.5.1':
    optional: true

  '@parcel/watcher-freebsd-x64@2.5.1':
    optional: true

  '@parcel/watcher-linux-arm-glibc@2.5.1':
    optional: true

  '@parcel/watcher-linux-arm-musl@2.5.1':
    optional: true

  '@parcel/watcher-linux-arm64-glibc@2.5.1':
    optional: true

  '@parcel/watcher-linux-arm64-musl@2.5.1':
    optional: true

  '@parcel/watcher-linux-x64-glibc@2.5.1':
    optional: true

  '@parcel/watcher-linux-x64-musl@2.5.1':
    optional: true

  '@parcel/watcher-win32-arm64@2.5.1':
    optional: true

  '@parcel/watcher-win32-ia32@2.5.1':
    optional: true

  '@parcel/watcher-win32-x64@2.5.1':
    optional: true

  '@parcel/watcher@2.5.1':
    dependencies:
      detect-libc: 1.0.3
      is-glob: 4.0.3
      micromatch: 4.0.8
      node-addon-api: 7.1.1
    optionalDependencies:
      '@parcel/watcher-android-arm64': 2.5.1
      '@parcel/watcher-darwin-arm64': 2.5.1
      '@parcel/watcher-darwin-x64': 2.5.1
      '@parcel/watcher-freebsd-x64': 2.5.1
      '@parcel/watcher-linux-arm-glibc': 2.5.1
      '@parcel/watcher-linux-arm-musl': 2.5.1
      '@parcel/watcher-linux-arm64-glibc': 2.5.1
      '@parcel/watcher-linux-arm64-musl': 2.5.1
      '@parcel/watcher-linux-x64-glibc': 2.5.1
      '@parcel/watcher-linux-x64-musl': 2.5.1
      '@parcel/watcher-win32-arm64': 2.5.1
      '@parcel/watcher-win32-ia32': 2.5.1
      '@parcel/watcher-win32-x64': 2.5.1

  '@standard-schema/spec@1.0.0': {}

  '@types/node@18.19.130':
    dependencies:
      undici-types: 5.26.5

  braces@3.0.3:
    dependencies:
      fill-range: 7.1.1

  detect-libc@1.0.3: {}

  detect-libc@2.1.2:
    optional: true

  dotenv@17.2.3: {}

  effect@3.19.4:
    dependencies:
      '@standard-schema/spec': 1.0.0
      fast-check: 3.23.2

  fast-check@3.23.2:
    dependencies:
      pure-rand: 6.1.0

  fill-range@7.1.1:
    dependencies:
      to-regex-range: 5.0.1

  find-my-way-ts@0.1.6: {}

  gpt-tokenizer@2.9.0: {}

  is-extglob@2.1.1: {}

  is-glob@4.0.3:
    dependencies:
      is-extglob: 2.1.1

  is-number@7.0.0: {}

  micromatch@4.0.8:
    dependencies:
      braces: 3.0.3
      picomatch: 2.3.1

  mime@3.0.0: {}

  msgpackr-extract@3.0.3:
    dependencies:
      node-gyp-build-optional-packages: 5.2.2
    optionalDependencies:
      '@msgpackr-extract/msgpackr-extract-darwin-arm64': 3.0.3
      '@msgpackr-extract/msgpackr-extract-darwin-x64': 3.0.3
      '@msgpackr-extract/msgpackr-extract-linux-arm': 3.0.3
      '@msgpackr-extract/msgpackr-extract-linux-arm64': 3.0.3
      '@msgpackr-extract/msgpackr-extract-linux-x64': 3.0.3
      '@msgpackr-extract/msgpackr-extract-win32-x64': 3.0.3
    optional: true

  msgpackr@1.11.5:
    optionalDependencies:
      msgpackr-extract: 3.0.3

  multipasta@0.2.7: {}

  node-addon-api@7.1.1: {}

  node-gyp-build-optional-packages@5.2.2:
    dependencies:
      detect-libc: 2.1.2
    optional: true

  picomatch@2.3.1: {}

  pure-rand@6.1.0: {}

  tiktoken@1.0.22: {}

  to-regex-range@5.0.1:
    dependencies:
      is-number: 7.0.0

  typescript@5.9.3: {}

  undici-types@5.26.5: {}

  undici@7.16.0: {}

  uuid@11.1.0: {}

  ws@8.18.3: {}
